
Microsoft Visual Studio Solution File, Format Version 12.00
# Visual Studio Version 16
VisualStudioVersion = 16.0.31019.35
MinimumVisualStudioVersion = 10.0.40219.1
Project("{9A19103F-16F7-4668-BE54-9A1E7A4F7556}") = "LoggingSample", "LoggingSample.csproj", "{8D1BC850-8447-4D0D-99FD-30EE7C0E6FE4}"
EndProject
Global
	GlobalSection(SolutionConfigurationPlatforms) = preSolution
		Debug|Any CPU = Debug|Any CPU
		Release|Any CPU = Release|Any CPU
	EndGlobalSection
	GlobalSection(ProjectConfigurationPlatforms) = postSolution
		{8D1BC850-8447-4D0D-99FD-30EE7C0E6FE4}.Debug|Any CPU.ActiveCfg = Debug|Any CPU
		{8D1BC850-8447-4D0D-99FD-30EE7C0E6FE4}.Debug|Any CPU.Build.0 = Debug|Any CPU
		{8D1BC850-8447-4D0D-99FD-30EE7C0E6FE4}.Release|Any CPU.ActiveCfg = Release|Any CPU
		{8D1BC850-8447-4D0D-99FD-30EE7C0E6FE4}.Release|Any CPU.Build.0 = Release|Any CPU
	EndGlobalSection
	GlobalSection(SolutionProperties) = preSolution
		HideSolutionNode = FALSE
	EndGlobalSection
	GlobalSection(ExtensibilityGlobals) = postSolution
		SolutionGuid = {A6EC9599-A7AD-4420-A9F0-350E33D529FF}
	EndGlobalSection
EndGlobal
